// !$*UTF8*$!
{
	archiveVersion = 1;
	classes = {
	};
	objectVersion = 46;
	objects = {

/* Begin PBXBuildFile section */
		E50C9B6216903D1A00851B04 /* Foundation.framework in Frameworks */ = {isa = PBXBuildFile; fileRef = E50C9B6116903D1A00851B04 /* Foundation.framework */; };
		E50C9B6716903D1A00851B04 /* Parcoa.h in CopyFiles */ = {isa = PBXBuildFile; fileRef = E50C9B6616903D1A00851B04 /* Parcoa.h */; };
		E50C9B7316903D1A00851B04 /* UIKit.framework in Frameworks */ = {isa = PBXBuildFile; fileRef = E50C9B7216903D1A00851B04 /* UIKit.framework */; };
		E50C9B7416903D1A00851B04 /* Foundation.framework in Frameworks */ = {isa = PBXBuildFile; fileRef = E50C9B6116903D1A00851B04 /* Foundation.framework */; };
		E50C9B7716903D1A00851B04 /* libParcoa.a in Frameworks */ = {isa = PBXBuildFile; fileRef = E50C9B5E16903D1A00851B04 /* libParcoa.a */; };
		E50C9B7D16903D1A00851B04 /* InfoPlist.strings in Resources */ = {isa = PBXBuildFile; fileRef = E50C9B7B16903D1A00851B04 /* InfoPlist.strings */; };
		E50C9B8016903D1A00851B04 /* ParcoaTests.m in Sources */ = {isa = PBXBuildFile; fileRef = E50C9B7F16903D1A00851B04 /* ParcoaTests.m */; };
		E50C9B8B16903FE000851B04 /* ParcoaResult.m in Sources */ = {isa = PBXBuildFile; fileRef = E50C9B8A16903FE000851B04 /* ParcoaResult.m */; };
		E51C2F39169470F10013AD2D /* Parcoa+Numbers.h in Headers */ = {isa = PBXBuildFile; fileRef = E51C2F37169470F10013AD2D /* Parcoa+Numbers.h */; settings = {ATTRIBUTES = (Public, ); }; };
		E51C2F3A169470F10013AD2D /* Parcoa+Numbers.m in Sources */ = {isa = PBXBuildFile; fileRef = E51C2F38169470F10013AD2D /* Parcoa+Numbers.m */; };
		E51C2F3D1694750F0013AD2D /* Parcoa+NSDictionary.h in Headers */ = {isa = PBXBuildFile; fileRef = E51C2F3B1694750F0013AD2D /* Parcoa+NSDictionary.h */; settings = {ATTRIBUTES = (Public, ); }; };
		E51C2F3E1694750F0013AD2D /* Parcoa+NSDictionary.m in Sources */ = {isa = PBXBuildFile; fileRef = E51C2F3C1694750F0013AD2D /* Parcoa+NSDictionary.m */; };
		E55CFCCC16905CB800CC08DA /* Parcoa+Combinators.h in Headers */ = {isa = PBXBuildFile; fileRef = E55CFCCA16905CB800CC08DA /* Parcoa+Combinators.h */; settings = {ATTRIBUTES = (Public, ); }; };
		E55CFCCD16905CB800CC08DA /* Parcoa+Combinators.m in Sources */ = {isa = PBXBuildFile; fileRef = E55CFCCB16905CB800CC08DA /* Parcoa+Combinators.m */; };
		E55CFCCF169061EC00CC08DA /* Parcoa+Combinators.m in Sources */ = {isa = PBXBuildFile; fileRef = E55CFCCB16905CB800CC08DA /* Parcoa+Combinators.m */; };
		E55CFCD71694216800CC08DA /* NSString+Parcoa.h in Headers */ = {isa = PBXBuildFile; fileRef = E55CFCD51694216800CC08DA /* NSString+Parcoa.h */; settings = {ATTRIBUTES = (Public, ); }; };
		E55CFCD81694216800CC08DA /* NSString+Parcoa.m in Sources */ = {isa = PBXBuildFile; fileRef = E55CFCD61694216800CC08DA /* NSString+Parcoa.m */; };
		E55FD46F169054D5006E7263 /* Parcoa.h in Headers */ = {isa = PBXBuildFile; fileRef = E50C9B6616903D1A00851B04 /* Parcoa.h */; settings = {ATTRIBUTES = (Public, ); }; };
		E55FD470169054D5006E7263 /* ParcoaResult.h in Headers */ = {isa = PBXBuildFile; fileRef = E50C9B8916903FE000851B04 /* ParcoaResult.h */; settings = {ATTRIBUTES = (Public, ); }; };
		E5836C6A169589E000D9C21A /* Parcoa+Predicates.m in Sources */ = {isa = PBXBuildFile; fileRef = E5F62B3D169573F50052CF6D /* Parcoa+Predicates.m */; };
		E5836C6B169589E000D9C21A /* Parcoa+Numbers.m in Sources */ = {isa = PBXBuildFile; fileRef = E51C2F38169470F10013AD2D /* Parcoa+Numbers.m */; };
		E5836C6C169589E000D9C21A /* Parcoa+NSDictionary.m in Sources */ = {isa = PBXBuildFile; fileRef = E51C2F3C1694750F0013AD2D /* Parcoa+NSDictionary.m */; };
		E5836C6D169589E000D9C21A /* ParcoaResult.m in Sources */ = {isa = PBXBuildFile; fileRef = E50C9B8A16903FE000851B04 /* ParcoaResult.m */; };
		E5836C6E169589E000D9C21A /* NSString+Parcoa.m in Sources */ = {isa = PBXBuildFile; fileRef = E55CFCD61694216800CC08DA /* NSString+Parcoa.m */; };
		E5836C6F169589E000D9C21A /* ParcoaExpectation.m in Sources */ = {isa = PBXBuildFile; fileRef = E5F0A68716954DFE00A1C5E2 /* ParcoaExpectation.m */; };
		E5836C70169589E000D9C21A /* ParcoaParser.m in Sources */ = {isa = PBXBuildFile; fileRef = E5F62B30169569A90052CF6D /* ParcoaParser.m */; };
		E5836C71169589E000D9C21A /* Parcoa+Primitives.m in Sources */ = {isa = PBXBuildFile; fileRef = E5F62B3516956C210052CF6D /* Parcoa+Primitives.m */; };
		E5836C72169589E000D9C21A /* ParcoaPredicate.m in Sources */ = {isa = PBXBuildFile; fileRef = E5F62B3916956D9A0052CF6D /* ParcoaPredicate.m */; };
		E5836C73169589E000D9C21A /* ParcoaParser+Combinators.m in Sources */ = {isa = PBXBuildFile; fileRef = E5F62B41169586760052CF6D /* ParcoaParser+Combinators.m */; };
		E5836C7516958A4D00D9C21A /* ParcoaTests+Combinators.m in Sources */ = {isa = PBXBuildFile; fileRef = E51C2F34169465D00013AD2D /* ParcoaTests+Combinators.m */; };
		E5836C7916958C8300D9C21A /* ParcoaParserForward.h in Headers */ = {isa = PBXBuildFile; fileRef = E5836C7716958C8300D9C21A /* ParcoaParserForward.h */; settings = {ATTRIBUTES = (Public, ); }; };
		E5836C7A16958C8300D9C21A /* ParcoaParserForward.m in Sources */ = {isa = PBXBuildFile; fileRef = E5836C7816958C8300D9C21A /* ParcoaParserForward.m */; };
		E5836C7D169592AC00D9C21A /* ParcoaParser+NSDictionary.h in Headers */ = {isa = PBXBuildFile; fileRef = E5836C7B169592AB00D9C21A /* ParcoaParser+NSDictionary.h */; settings = {ATTRIBUTES = (Public, ); }; };
		E5836C7E169592AC00D9C21A /* ParcoaParser+NSDictionary.m in Sources */ = {isa = PBXBuildFile; fileRef = E5836C7C169592AC00D9C21A /* ParcoaParser+NSDictionary.m */; };
		E5836C84169596A900D9C21A /* Parcoa+Internal.m in Sources */ = {isa = PBXBuildFile; fileRef = E50C9B6816903D1A00851B04 /* Parcoa+Internal.m */; };
		E5836C85169596A900D9C21A /* Parcoa+Internal.m in Sources */ = {isa = PBXBuildFile; fileRef = E50C9B6816903D1A00851B04 /* Parcoa+Internal.m */; };
		E5A2DF2E16966C1000EFC414 /* Cocoa.framework in Frameworks */ = {isa = PBXBuildFile; fileRef = E5A2DF2D16966C1000EFC414 /* Cocoa.framework */; };
		E5A2DF3816966C1000EFC414 /* Parcoa_OSX.m in Sources */ = {isa = PBXBuildFile; fileRef = E5A2DF3716966C1000EFC414 /* Parcoa_OSX.m */; };
		E5A2DF4116966CBF00EFC414 /* Parcoa+Combinators.m in Sources */ = {isa = PBXBuildFile; fileRef = E55CFCCB16905CB800CC08DA /* Parcoa+Combinators.m */; };
		E5A2DF4216966CBF00EFC414 /* Parcoa+NSDictionary.m in Sources */ = {isa = PBXBuildFile; fileRef = E51C2F3C1694750F0013AD2D /* Parcoa+NSDictionary.m */; };
		E5A2DF4316966CBF00EFC414 /* ParcoaParser+Combinators.m in Sources */ = {isa = PBXBuildFile; fileRef = E5F62B41169586760052CF6D /* ParcoaParser+Combinators.m */; };
		E5A2DF4416966CBF00EFC414 /* ParcoaParser+NSDictionary.m in Sources */ = {isa = PBXBuildFile; fileRef = E5836C7C169592AC00D9C21A /* ParcoaParser+NSDictionary.m */; };
		E5A2DF4516966CBF00EFC414 /* Parcoa+Predicates.m in Sources */ = {isa = PBXBuildFile; fileRef = E5F62B3D169573F50052CF6D /* Parcoa+Predicates.m */; };
		E5A2DF4616966CBF00EFC414 /* Parcoa+Numbers.m in Sources */ = {isa = PBXBuildFile; fileRef = E51C2F38169470F10013AD2D /* Parcoa+Numbers.m */; };
		E5A2DF4716966CBF00EFC414 /* Parcoa+Primitives.m in Sources */ = {isa = PBXBuildFile; fileRef = E5F62B3516956C210052CF6D /* Parcoa+Primitives.m */; };
		E5A2DF4816966CBF00EFC414 /* Parcoa+Internal.m in Sources */ = {isa = PBXBuildFile; fileRef = E50C9B6816903D1A00851B04 /* Parcoa+Internal.m */; };
		E5A2DF4916966CBF00EFC414 /* ParcoaResult.m in Sources */ = {isa = PBXBuildFile; fileRef = E50C9B8A16903FE000851B04 /* ParcoaResult.m */; };
		E5A2DF4A16966CBF00EFC414 /* ParcoaExpectation.m in Sources */ = {isa = PBXBuildFile; fileRef = E5F0A68716954DFE00A1C5E2 /* ParcoaExpectation.m */; };
		E5A2DF4B16966CBF00EFC414 /* ParcoaParser.m in Sources */ = {isa = PBXBuildFile; fileRef = E5F62B30169569A90052CF6D /* ParcoaParser.m */; };
		E5A2DF4C16966CBF00EFC414 /* ParcoaParserForward.m in Sources */ = {isa = PBXBuildFile; fileRef = E5836C7816958C8300D9C21A /* ParcoaParserForward.m */; };
		E5A2DF4D16966CBF00EFC414 /* ParcoaPredicate.m in Sources */ = {isa = PBXBuildFile; fileRef = E5F62B3916956D9A0052CF6D /* ParcoaPredicate.m */; };
		E5A2DF4E16966CBF00EFC414 /* NSString+Parcoa.m in Sources */ = {isa = PBXBuildFile; fileRef = E55CFCD61694216800CC08DA /* NSString+Parcoa.m */; };
		E5A2DF4F16966CD400EFC414 /* Parcoa.h in Headers */ = {isa = PBXBuildFile; fileRef = E50C9B6616903D1A00851B04 /* Parcoa.h */; settings = {ATTRIBUTES = (Public, ); }; };
		E5A2DF5016966CD400EFC414 /* Parcoa+Combinators.h in Headers */ = {isa = PBXBuildFile; fileRef = E55CFCCA16905CB800CC08DA /* Parcoa+Combinators.h */; settings = {ATTRIBUTES = (Public, ); }; };
		E5A2DF5116966CD400EFC414 /* Parcoa+NSDictionary.h in Headers */ = {isa = PBXBuildFile; fileRef = E51C2F3B1694750F0013AD2D /* Parcoa+NSDictionary.h */; settings = {ATTRIBUTES = (Public, ); }; };
		E5A2DF5216966CD400EFC414 /* ParcoaParser+Combinators.h in Headers */ = {isa = PBXBuildFile; fileRef = E5F62B40169586760052CF6D /* ParcoaParser+Combinators.h */; settings = {ATTRIBUTES = (Public, ); }; };
		E5A2DF5316966CD400EFC414 /* ParcoaParser+NSDictionary.h in Headers */ = {isa = PBXBuildFile; fileRef = E5836C7B169592AB00D9C21A /* ParcoaParser+NSDictionary.h */; settings = {ATTRIBUTES = (Public, ); }; };
		E5A2DF5416966CD400EFC414 /* Parcoa+Predicates.h in Headers */ = {isa = PBXBuildFile; fileRef = E5F62B3C169573F50052CF6D /* Parcoa+Predicates.h */; settings = {ATTRIBUTES = (Public, ); }; };
		E5A2DF5516966CD400EFC414 /* Parcoa+Numbers.h in Headers */ = {isa = PBXBuildFile; fileRef = E51C2F37169470F10013AD2D /* Parcoa+Numbers.h */; settings = {ATTRIBUTES = (Public, ); }; };
		E5A2DF5616966CD400EFC414 /* Parcoa+Primitives.h in Headers */ = {isa = PBXBuildFile; fileRef = E5F62B3416956C210052CF6D /* Parcoa+Primitives.h */; settings = {ATTRIBUTES = (Public, ); }; };
		E5A2DF5716966CD400EFC414 /* Parcoa+Internal.h in Headers */ = {isa = PBXBuildFile; fileRef = E5836C7616958B4C00D9C21A /* Parcoa+Internal.h */; settings = {ATTRIBUTES = (Public, ); }; };
		E5A2DF5816966CD400EFC414 /* ParcoaResult.h in Headers */ = {isa = PBXBuildFile; fileRef = E50C9B8916903FE000851B04 /* ParcoaResult.h */; settings = {ATTRIBUTES = (Public, ); }; };
		E5A2DF5916966CD400EFC414 /* ParcoaExpectation.h in Headers */ = {isa = PBXBuildFile; fileRef = E5F0A68616954DFE00A1C5E2 /* ParcoaExpectation.h */; settings = {ATTRIBUTES = (Public, ); }; };
		E5A2DF5A16966CD400EFC414 /* ParcoaParser.h in Headers */ = {isa = PBXBuildFile; fileRef = E5F62B2F169569A90052CF6D /* ParcoaParser.h */; settings = {ATTRIBUTES = (Public, ); }; };
		E5A2DF5B16966CD400EFC414 /* ParcoaParserForward.h in Headers */ = {isa = PBXBuildFile; fileRef = E5836C7716958C8300D9C21A /* ParcoaParserForward.h */; settings = {ATTRIBUTES = (Public, ); }; };
		E5A2DF5C16966CD400EFC414 /* ParcoaPredicate.h in Headers */ = {isa = PBXBuildFile; fileRef = E5F62B3816956D9A0052CF6D /* ParcoaPredicate.h */; settings = {ATTRIBUTES = (Public, ); }; };
		E5A2DF5D16966CD400EFC414 /* NSString+Parcoa.h in Headers */ = {isa = PBXBuildFile; fileRef = E55CFCD51694216800CC08DA /* NSString+Parcoa.h */; settings = {ATTRIBUTES = (Public, ); }; };
		E5BCC77E1696A3690017F99F /* ParcoaPredicate+Combinators.h in Headers */ = {isa = PBXBuildFile; fileRef = E5BCC77C1696A3690017F99F /* ParcoaPredicate+Combinators.h */; };
		E5BCC77F1696A3690017F99F /* ParcoaPredicate+Combinators.m in Sources */ = {isa = PBXBuildFile; fileRef = E5BCC77D1696A3690017F99F /* ParcoaPredicate+Combinators.m */; };
		E5BCC7811696A36D0017F99F /* ParcoaPredicate+Combinators.m in Sources */ = {isa = PBXBuildFile; fileRef = E5BCC77D1696A3690017F99F /* ParcoaPredicate+Combinators.m */; };
		E5BCC7821696A58B0017F99F /* ParcoaPredicate+Combinators.m in Sources */ = {isa = PBXBuildFile; fileRef = E5BCC77D1696A3690017F99F /* ParcoaPredicate+Combinators.m */; };
		E5F0A68816954DFE00A1C5E2 /* ParcoaExpectation.h in Headers */ = {isa = PBXBuildFile; fileRef = E5F0A68616954DFE00A1C5E2 /* ParcoaExpectation.h */; settings = {ATTRIBUTES = (Public, ); }; };
		E5F0A68916954DFE00A1C5E2 /* ParcoaExpectation.m in Sources */ = {isa = PBXBuildFile; fileRef = E5F0A68716954DFE00A1C5E2 /* ParcoaExpectation.m */; };
		E5F62B31169569A90052CF6D /* ParcoaParser.h in Headers */ = {isa = PBXBuildFile; fileRef = E5F62B2F169569A90052CF6D /* ParcoaParser.h */; settings = {ATTRIBUTES = (Public, ); }; };
		E5F62B32169569A90052CF6D /* ParcoaParser.m in Sources */ = {isa = PBXBuildFile; fileRef = E5F62B30169569A90052CF6D /* ParcoaParser.m */; };
		E5F62B3616956C210052CF6D /* Parcoa+Primitives.h in Headers */ = {isa = PBXBuildFile; fileRef = E5F62B3416956C210052CF6D /* Parcoa+Primitives.h */; settings = {ATTRIBUTES = (Public, ); }; };
		E5F62B3716956C210052CF6D /* Parcoa+Primitives.m in Sources */ = {isa = PBXBuildFile; fileRef = E5F62B3516956C210052CF6D /* Parcoa+Primitives.m */; };
		E5F62B3A16956D9A0052CF6D /* ParcoaPredicate.h in Headers */ = {isa = PBXBuildFile; fileRef = E5F62B3816956D9A0052CF6D /* ParcoaPredicate.h */; settings = {ATTRIBUTES = (Public, ); }; };
		E5F62B3B16956D9A0052CF6D /* ParcoaPredicate.m in Sources */ = {isa = PBXBuildFile; fileRef = E5F62B3916956D9A0052CF6D /* ParcoaPredicate.m */; };
		E5F62B3E169573F50052CF6D /* Parcoa+Predicates.h in Headers */ = {isa = PBXBuildFile; fileRef = E5F62B3C169573F50052CF6D /* Parcoa+Predicates.h */; settings = {ATTRIBUTES = (Public, ); }; };
		E5F62B3F169573F50052CF6D /* Parcoa+Predicates.m in Sources */ = {isa = PBXBuildFile; fileRef = E5F62B3D169573F50052CF6D /* Parcoa+Predicates.m */; };
		E5F62B42169586760052CF6D /* ParcoaParser+Combinators.h in Headers */ = {isa = PBXBuildFile; fileRef = E5F62B40169586760052CF6D /* ParcoaParser+Combinators.h */; settings = {ATTRIBUTES = (Public, ); }; };
		E5F62B43169586760052CF6D /* ParcoaParser+Combinators.m in Sources */ = {isa = PBXBuildFile; fileRef = E5F62B41169586760052CF6D /* ParcoaParser+Combinators.m */; };
/* End PBXBuildFile section */

/* Begin PBXContainerItemProxy section */
		E50C9B7516903D1A00851B04 /* PBXContainerItemProxy */ = {
			isa = PBXContainerItemProxy;
			containerPortal = E50C9B5516903D1900851B04 /* Project object */;
			proxyType = 1;
			remoteGlobalIDString = E50C9B5D16903D1900851B04;
			remoteInfo = Parcoa;
		};
/* End PBXContainerItemProxy section */

/* Begin PBXCopyFilesBuildPhase section */
		E50C9B5C16903D1900851B04 /* CopyFiles */ = {
			isa = PBXCopyFilesBuildPhase;
			buildActionMask = 2147483647;
			dstPath = "include/${PRODUCT_NAME}";
			dstSubfolderSpec = 16;
			files = (
				E50C9B6716903D1A00851B04 /* Parcoa.h in CopyFiles */,
			);
			runOnlyForDeploymentPostprocessing = 0;
		};
/* End PBXCopyFilesBuildPhase section */

/* Begin PBXFileReference section */
		E50C9B5E16903D1A00851B04 /* libParcoa.a */ = {isa = PBXFileReference; explicitFileType = archive.ar; includeInIndex = 0; path = libParcoa.a; sourceTree = BUILT_PRODUCTS_DIR; };
		E50C9B6116903D1A00851B04 /* Foundation.framework */ = {isa = PBXFileReference; lastKnownFileType = wrapper.framework; name = Foundation.framework; path = System/Library/Frameworks/Foundation.framework; sourceTree = SDKROOT; };
		E50C9B6516903D1A00851B04 /* Parcoa-Prefix.pch */ = {isa = PBXFileReference; lastKnownFileType = sourcecode.c.h; path = "Parcoa-Prefix.pch"; sourceTree = "<group>"; };
		E50C9B6616903D1A00851B04 /* Parcoa.h */ = {isa = PBXFileReference; lastKnownFileType = sourcecode.c.h; path = Parcoa.h; sourceTree = "<group>"; };
		E50C9B6816903D1A00851B04 /* Parcoa+Internal.m */ = {isa = PBXFileReference; lastKnownFileType = sourcecode.c.objc; path = "Parcoa+Internal.m"; sourceTree = "<group>"; };
		E50C9B6F16903D1A00851B04 /* ParcoaTests.octest */ = {isa = PBXFileReference; explicitFileType = wrapper.cfbundle; includeInIndex = 0; path = ParcoaTests.octest; sourceTree = BUILT_PRODUCTS_DIR; };
		E50C9B7216903D1A00851B04 /* UIKit.framework */ = {isa = PBXFileReference; lastKnownFileType = wrapper.framework; name = UIKit.framework; path = Library/Frameworks/UIKit.framework; sourceTree = DEVELOPER_DIR; };
		E50C9B7A16903D1A00851B04 /* ParcoaTests-Info.plist */ = {isa = PBXFileReference; lastKnownFileType = text.plist.xml; path = "ParcoaTests-Info.plist"; sourceTree = "<group>"; };
		E50C9B7C16903D1A00851B04 /* en */ = {isa = PBXFileReference; lastKnownFileType = text.plist.strings; name = en; path = en.lproj/InfoPlist.strings; sourceTree = "<group>"; };
		E50C9B7E16903D1A00851B04 /* ParcoaTests.h */ = {isa = PBXFileReference; lastKnownFileType = sourcecode.c.h; path = ParcoaTests.h; sourceTree = "<group>"; };
		E50C9B7F16903D1A00851B04 /* ParcoaTests.m */ = {isa = PBXFileReference; lastKnownFileType = sourcecode.c.objc; path = ParcoaTests.m; sourceTree = "<group>"; };
		E50C9B8916903FE000851B04 /* ParcoaResult.h */ = {isa = PBXFileReference; fileEncoding = 4; lastKnownFileType = sourcecode.c.h; path = ParcoaResult.h; sourceTree = "<group>"; };
		E50C9B8A16903FE000851B04 /* ParcoaResult.m */ = {isa = PBXFileReference; fileEncoding = 4; lastKnownFileType = sourcecode.c.objc; path = ParcoaResult.m; sourceTree = "<group>"; };
		E51C2F33169465D00013AD2D /* ParcoaTests+Combinators.h */ = {isa = PBXFileReference; fileEncoding = 4; lastKnownFileType = sourcecode.c.h; path = "ParcoaTests+Combinators.h"; sourceTree = "<group>"; };
		E51C2F34169465D00013AD2D /* ParcoaTests+Combinators.m */ = {isa = PBXFileReference; fileEncoding = 4; lastKnownFileType = sourcecode.c.objc; path = "ParcoaTests+Combinators.m"; sourceTree = "<group>"; };
		E51C2F37169470F10013AD2D /* Parcoa+Numbers.h */ = {isa = PBXFileReference; fileEncoding = 4; lastKnownFileType = sourcecode.c.h; path = "Parcoa+Numbers.h"; sourceTree = "<group>"; };
		E51C2F38169470F10013AD2D /* Parcoa+Numbers.m */ = {isa = PBXFileReference; fileEncoding = 4; lastKnownFileType = sourcecode.c.objc; path = "Parcoa+Numbers.m"; sourceTree = "<group>"; };
		E51C2F3B1694750F0013AD2D /* Parcoa+NSDictionary.h */ = {isa = PBXFileReference; fileEncoding = 4; lastKnownFileType = sourcecode.c.h; path = "Parcoa+NSDictionary.h"; sourceTree = "<group>"; };
		E51C2F3C1694750F0013AD2D /* Parcoa+NSDictionary.m */ = {isa = PBXFileReference; fileEncoding = 4; lastKnownFileType = sourcecode.c.objc; path = "Parcoa+NSDictionary.m"; sourceTree = "<group>"; };
		E55CFCCA16905CB800CC08DA /* Parcoa+Combinators.h */ = {isa = PBXFileReference; fileEncoding = 4; lastKnownFileType = sourcecode.c.h; path = "Parcoa+Combinators.h"; sourceTree = "<group>"; };
		E55CFCCB16905CB800CC08DA /* Parcoa+Combinators.m */ = {isa = PBXFileReference; fileEncoding = 4; lastKnownFileType = sourcecode.c.objc; path = "Parcoa+Combinators.m"; sourceTree = "<group>"; };
		E55CFCD51694216800CC08DA /* NSString+Parcoa.h */ = {isa = PBXFileReference; fileEncoding = 4; lastKnownFileType = sourcecode.c.h; path = "NSString+Parcoa.h"; sourceTree = "<group>"; };
		E55CFCD61694216800CC08DA /* NSString+Parcoa.m */ = {isa = PBXFileReference; fileEncoding = 4; lastKnownFileType = sourcecode.c.objc; path = "NSString+Parcoa.m"; sourceTree = "<group>"; };
		E5836C7616958B4C00D9C21A /* Parcoa+Internal.h */ = {isa = PBXFileReference; lastKnownFileType = sourcecode.c.h; path = "Parcoa+Internal.h"; sourceTree = "<group>"; };
		E5836C7716958C8300D9C21A /* ParcoaParserForward.h */ = {isa = PBXFileReference; fileEncoding = 4; lastKnownFileType = sourcecode.c.h; path = ParcoaParserForward.h; sourceTree = "<group>"; };
		E5836C7816958C8300D9C21A /* ParcoaParserForward.m */ = {isa = PBXFileReference; fileEncoding = 4; lastKnownFileType = sourcecode.c.objc; path = ParcoaParserForward.m; sourceTree = "<group>"; };
		E5836C7B169592AB00D9C21A /* ParcoaParser+NSDictionary.h */ = {isa = PBXFileReference; fileEncoding = 4; lastKnownFileType = sourcecode.c.h; path = "ParcoaParser+NSDictionary.h"; sourceTree = "<group>"; };
		E5836C7C169592AC00D9C21A /* ParcoaParser+NSDictionary.m */ = {isa = PBXFileReference; fileEncoding = 4; lastKnownFileType = sourcecode.c.objc; path = "ParcoaParser+NSDictionary.m"; sourceTree = "<group>"; };
		E5A2DF2C16966C1000EFC414 /* Parcoa OS X.dylib */ = {isa = PBXFileReference; explicitFileType = "compiled.mach-o.dylib"; includeInIndex = 0; path = "Parcoa OS X.dylib"; sourceTree = BUILT_PRODUCTS_DIR; };
		E5A2DF2D16966C1000EFC414 /* Cocoa.framework */ = {isa = PBXFileReference; lastKnownFileType = wrapper.framework; name = Cocoa.framework; path = Library/Frameworks/Cocoa.framework; sourceTree = DEVELOPER_DIR; };
		E5A2DF3016966C1000EFC414 /* AppKit.framework */ = {isa = PBXFileReference; lastKnownFileType = wrapper.framework; name = AppKit.framework; path = Library/Frameworks/AppKit.framework; sourceTree = SDKROOT; };
		E5A2DF3116966C1000EFC414 /* CoreData.framework */ = {isa = PBXFileReference; lastKnownFileType = wrapper.framework; name = CoreData.framework; path = Library/Frameworks/CoreData.framework; sourceTree = SDKROOT; };
		E5A2DF3216966C1000EFC414 /* Foundation.framework */ = {isa = PBXFileReference; lastKnownFileType = wrapper.framework; name = Foundation.framework; path = Library/Frameworks/Foundation.framework; sourceTree = SDKROOT; };
		E5A2DF3516966C1000EFC414 /* Parcoa OSX-Prefix.pch */ = {isa = PBXFileReference; lastKnownFileType = sourcecode.c.h; path = "Parcoa OSX-Prefix.pch"; sourceTree = "<group>"; };
		E5A2DF3616966C1000EFC414 /* Parcoa_OSX.h */ = {isa = PBXFileReference; lastKnownFileType = sourcecode.c.h; path = Parcoa_OSX.h; sourceTree = "<group>"; };
		E5A2DF3716966C1000EFC414 /* Parcoa_OSX.m */ = {isa = PBXFileReference; lastKnownFileType = sourcecode.c.objc; path = Parcoa_OSX.m; sourceTree = "<group>"; };
		E5BCC77C1696A3690017F99F /* ParcoaPredicate+Combinators.h */ = {isa = PBXFileReference; fileEncoding = 4; lastKnownFileType = sourcecode.c.h; path = "ParcoaPredicate+Combinators.h"; sourceTree = "<group>"; };
		E5BCC77D1696A3690017F99F /* ParcoaPredicate+Combinators.m */ = {isa = PBXFileReference; fileEncoding = 4; lastKnownFileType = sourcecode.c.objc; path = "ParcoaPredicate+Combinators.m"; sourceTree = "<group>"; };
		E5F0A68616954DFE00A1C5E2 /* ParcoaExpectation.h */ = {isa = PBXFileReference; fileEncoding = 4; lastKnownFileType = sourcecode.c.h; path = ParcoaExpectation.h; sourceTree = "<group>"; };
		E5F0A68716954DFE00A1C5E2 /* ParcoaExpectation.m */ = {isa = PBXFileReference; fileEncoding = 4; lastKnownFileType = sourcecode.c.objc; path = ParcoaExpectation.m; sourceTree = "<group>"; };
		E5F62B2F169569A90052CF6D /* ParcoaParser.h */ = {isa = PBXFileReference; fileEncoding = 4; lastKnownFileType = sourcecode.c.h; path = ParcoaParser.h; sourceTree = "<group>"; };
		E5F62B30169569A90052CF6D /* ParcoaParser.m */ = {isa = PBXFileReference; fileEncoding = 4; lastKnownFileType = sourcecode.c.objc; path = ParcoaParser.m; sourceTree = "<group>"; };
		E5F62B3416956C210052CF6D /* Parcoa+Primitives.h */ = {isa = PBXFileReference; fileEncoding = 4; lastKnownFileType = sourcecode.c.h; path = "Parcoa+Primitives.h"; sourceTree = "<group>"; };
		E5F62B3516956C210052CF6D /* Parcoa+Primitives.m */ = {isa = PBXFileReference; fileEncoding = 4; lastKnownFileType = sourcecode.c.objc; path = "Parcoa+Primitives.m"; sourceTree = "<group>"; };
		E5F62B3816956D9A0052CF6D /* ParcoaPredicate.h */ = {isa = PBXFileReference; fileEncoding = 4; lastKnownFileType = sourcecode.c.h; path = ParcoaPredicate.h; sourceTree = "<group>"; };
		E5F62B3916956D9A0052CF6D /* ParcoaPredicate.m */ = {isa = PBXFileReference; fileEncoding = 4; lastKnownFileType = sourcecode.c.objc; path = ParcoaPredicate.m; sourceTree = "<group>"; };
		E5F62B3C169573F50052CF6D /* Parcoa+Predicates.h */ = {isa = PBXFileReference; fileEncoding = 4; lastKnownFileType = sourcecode.c.h; path = "Parcoa+Predicates.h"; sourceTree = "<group>"; };
		E5F62B3D169573F50052CF6D /* Parcoa+Predicates.m */ = {isa = PBXFileReference; fileEncoding = 4; lastKnownFileType = sourcecode.c.objc; path = "Parcoa+Predicates.m"; sourceTree = "<group>"; };
		E5F62B40169586760052CF6D /* ParcoaParser+Combinators.h */ = {isa = PBXFileReference; fileEncoding = 4; lastKnownFileType = sourcecode.c.h; path = "ParcoaParser+Combinators.h"; sourceTree = "<group>"; };
		E5F62B41169586760052CF6D /* ParcoaParser+Combinators.m */ = {isa = PBXFileReference; fileEncoding = 4; lastKnownFileType = sourcecode.c.objc; path = "ParcoaParser+Combinators.m"; sourceTree = "<group>"; };
/* End PBXFileReference section */

/* Begin PBXFrameworksBuildPhase section */
		E50C9B5B16903D1900851B04 /* Frameworks */ = {
			isa = PBXFrameworksBuildPhase;
			buildActionMask = 2147483647;
			files = (
				E50C9B6216903D1A00851B04 /* Foundation.framework in Frameworks */,
			);
			runOnlyForDeploymentPostprocessing = 0;
		};
		E50C9B6B16903D1A00851B04 /* Frameworks */ = {
			isa = PBXFrameworksBuildPhase;
			buildActionMask = 2147483647;
			files = (
				E50C9B7316903D1A00851B04 /* UIKit.framework in Frameworks */,
				E50C9B7416903D1A00851B04 /* Foundation.framework in Frameworks */,
				E50C9B7716903D1A00851B04 /* libParcoa.a in Frameworks */,
			);
			runOnlyForDeploymentPostprocessing = 0;
		};
		E5A2DF2916966C1000EFC414 /* Frameworks */ = {
			isa = PBXFrameworksBuildPhase;
			buildActionMask = 2147483647;
			files = (
				E5A2DF2E16966C1000EFC414 /* Cocoa.framework in Frameworks */,
			);
			runOnlyForDeploymentPostprocessing = 0;
		};
/* End PBXFrameworksBuildPhase section */

/* Begin PBXGroup section */
		E50C9B5316903D1900851B04 = {
			isa = PBXGroup;
			children = (
				E50C9B6316903D1A00851B04 /* Parcoa */,
				E50C9B7816903D1A00851B04 /* ParcoaTests */,
				E5A2DF3316966C1000EFC414 /* OS X */,
				E50C9B6016903D1A00851B04 /* Frameworks */,
				E50C9B5F16903D1A00851B04 /* Products */,
			);
			sourceTree = "<group>";
		};
		E50C9B5F16903D1A00851B04 /* Products */ = {
			isa = PBXGroup;
			children = (
				E50C9B5E16903D1A00851B04 /* libParcoa.a */,
				E50C9B6F16903D1A00851B04 /* ParcoaTests.octest */,
				E5A2DF2C16966C1000EFC414 /* Parcoa OS X.dylib */,
			);
			name = Products;
			sourceTree = "<group>";
		};
		E50C9B6016903D1A00851B04 /* Frameworks */ = {
			isa = PBXGroup;
			children = (
				E50C9B6116903D1A00851B04 /* Foundation.framework */,
				E50C9B7216903D1A00851B04 /* UIKit.framework */,
				E5A2DF2D16966C1000EFC414 /* Cocoa.framework */,
				E5A2DF2F16966C1000EFC414 /* Other Frameworks */,
			);
			name = Frameworks;
			sourceTree = "<group>";
		};
		E50C9B6316903D1A00851B04 /* Parcoa */ = {
			isa = PBXGroup;
			children = (
				E50C9B6616903D1A00851B04 /* Parcoa.h */,
				E5836C88169596F900D9C21A /* Combinators */,
				E5836C87169596E900D9C21A /* Parsers */,
				E5836C831695967100D9C21A /* Core */,
				E5836C86169596C400D9C21A /* Utils */,
				E50C9B6416903D1A00851B04 /* Supporting Files */,
			);
			path = Parcoa;
			sourceTree = "<group>";
		};
		E50C9B6416903D1A00851B04 /* Supporting Files */ = {
			isa = PBXGroup;
			children = (
				E50C9B6516903D1A00851B04 /* Parcoa-Prefix.pch */,
			);
			name = "Supporting Files";
			sourceTree = "<group>";
		};
		E50C9B7816903D1A00851B04 /* ParcoaTests */ = {
			isa = PBXGroup;
			children = (
				E51C2F33169465D00013AD2D /* ParcoaTests+Combinators.h */,
				E51C2F34169465D00013AD2D /* ParcoaTests+Combinators.m */,
				E50C9B7E16903D1A00851B04 /* ParcoaTests.h */,
				E50C9B7F16903D1A00851B04 /* ParcoaTests.m */,
				E50C9B7916903D1A00851B04 /* Supporting Files */,
			);
			path = ParcoaTests;
			sourceTree = "<group>";
		};
		E50C9B7916903D1A00851B04 /* Supporting Files */ = {
			isa = PBXGroup;
			children = (
				E50C9B7A16903D1A00851B04 /* ParcoaTests-Info.plist */,
				E50C9B7B16903D1A00851B04 /* InfoPlist.strings */,
			);
			name = "Supporting Files";
			sourceTree = "<group>";
		};
		E5836C831695967100D9C21A /* Core */ = {
			isa = PBXGroup;
			children = (
				E5836C7616958B4C00D9C21A /* Parcoa+Internal.h */,
				E50C9B6816903D1A00851B04 /* Parcoa+Internal.m */,
				E50C9B8916903FE000851B04 /* ParcoaResult.h */,
				E50C9B8A16903FE000851B04 /* ParcoaResult.m */,
				E5F0A68616954DFE00A1C5E2 /* ParcoaExpectation.h */,
				E5F0A68716954DFE00A1C5E2 /* ParcoaExpectation.m */,
				E5F62B2F169569A90052CF6D /* ParcoaParser.h */,
				E5F62B30169569A90052CF6D /* ParcoaParser.m */,
				E5836C7716958C8300D9C21A /* ParcoaParserForward.h */,
				E5836C7816958C8300D9C21A /* ParcoaParserForward.m */,
				E5F62B3816956D9A0052CF6D /* ParcoaPredicate.h */,
				E5F62B3916956D9A0052CF6D /* ParcoaPredicate.m */,
			);
			name = Core;
			sourceTree = "<group>";
		};
		E5836C86169596C400D9C21A /* Utils */ = {
			isa = PBXGroup;
			children = (
				E55CFCD51694216800CC08DA /* NSString+Parcoa.h */,
				E55CFCD61694216800CC08DA /* NSString+Parcoa.m */,
			);
			name = Utils;
			sourceTree = "<group>";
		};
		E5836C87169596E900D9C21A /* Parsers */ = {
			isa = PBXGroup;
			children = (
				E5F62B3C169573F50052CF6D /* Parcoa+Predicates.h */,
				E5F62B3D169573F50052CF6D /* Parcoa+Predicates.m */,
				E51C2F37169470F10013AD2D /* Parcoa+Numbers.h */,
				E51C2F38169470F10013AD2D /* Parcoa+Numbers.m */,
				E5F62B3416956C210052CF6D /* Parcoa+Primitives.h */,
				E5F62B3516956C210052CF6D /* Parcoa+Primitives.m */,
			);
			name = Parsers;
			sourceTree = "<group>";
		};
		E5836C88169596F900D9C21A /* Combinators */ = {
			isa = PBXGroup;
			children = (
				E55CFCCA16905CB800CC08DA /* Parcoa+Combinators.h */,
				E55CFCCB16905CB800CC08DA /* Parcoa+Combinators.m */,
				E51C2F3B1694750F0013AD2D /* Parcoa+NSDictionary.h */,
				E51C2F3C1694750F0013AD2D /* Parcoa+NSDictionary.m */,
				E5F62B40169586760052CF6D /* ParcoaParser+Combinators.h */,
				E5F62B41169586760052CF6D /* ParcoaParser+Combinators.m */,
				E5836C7B169592AB00D9C21A /* ParcoaParser+NSDictionary.h */,
				E5836C7C169592AC00D9C21A /* ParcoaParser+NSDictionary.m */,
				E5BCC77C1696A3690017F99F /* ParcoaPredicate+Combinators.h */,
				E5BCC77D1696A3690017F99F /* ParcoaPredicate+Combinators.m */,
			);
			name = Combinators;
			sourceTree = "<group>";
		};
		E5A2DF2F16966C1000EFC414 /* Other Frameworks */ = {
			isa = PBXGroup;
			children = (
				E5A2DF3016966C1000EFC414 /* AppKit.framework */,
				E5A2DF3116966C1000EFC414 /* CoreData.framework */,
				E5A2DF3216966C1000EFC414 /* Foundation.framework */,
			);
			name = "Other Frameworks";
			sourceTree = "<group>";
		};
		E5A2DF3316966C1000EFC414 /* OS X */ = {
			isa = PBXGroup;
			children = (
				E5A2DF3616966C1000EFC414 /* Parcoa_OSX.h */,
				E5A2DF3716966C1000EFC414 /* Parcoa_OSX.m */,
				E5A2DF3416966C1000EFC414 /* Supporting Files */,
			);
			name = "OS X";
			path = "Parcoa OSX";
			sourceTree = "<group>";
		};
		E5A2DF3416966C1000EFC414 /* Supporting Files */ = {
			isa = PBXGroup;
			children = (
				E5A2DF3516966C1000EFC414 /* Parcoa OSX-Prefix.pch */,
			);
			name = "Supporting Files";
			sourceTree = "<group>";
		};
/* End PBXGroup section */

/* Begin PBXHeadersBuildPhase section */
		E55FD46D169054CB006E7263 /* Headers */ = {
			isa = PBXHeadersBuildPhase;
			buildActionMask = 2147483647;
			files = (
				E55FD46F169054D5006E7263 /* Parcoa.h in Headers */,
				E55FD470169054D5006E7263 /* ParcoaResult.h in Headers */,
				E55CFCD71694216800CC08DA /* NSString+Parcoa.h in Headers */,
				E51C2F39169470F10013AD2D /* Parcoa+Numbers.h in Headers */,
				E51C2F3D1694750F0013AD2D /* Parcoa+NSDictionary.h in Headers */,
				E5F0A68816954DFE00A1C5E2 /* ParcoaExpectation.h in Headers */,
				E5F62B31169569A90052CF6D /* ParcoaParser.h in Headers */,
				E5F62B3616956C210052CF6D /* Parcoa+Primitives.h in Headers */,
				E5F62B3A16956D9A0052CF6D /* ParcoaPredicate.h in Headers */,
				E5F62B3E169573F50052CF6D /* Parcoa+Predicates.h in Headers */,
				E5F62B42169586760052CF6D /* ParcoaParser+Combinators.h in Headers */,
				E5836C7916958C8300D9C21A /* ParcoaParserForward.h in Headers */,
				E5836C7D169592AC00D9C21A /* ParcoaParser+NSDictionary.h in Headers */,
				E55CFCCC16905CB800CC08DA /* Parcoa+Combinators.h in Headers */,
				E5BCC77E1696A3690017F99F /* ParcoaPredicate+Combinators.h in Headers */,
			);
			runOnlyForDeploymentPostprocessing = 0;
		};
		E5A2DF2A16966C1000EFC414 /* Headers */ = {
			isa = PBXHeadersBuildPhase;
			buildActionMask = 2147483647;
			files = (
				E5A2DF4F16966CD400EFC414 /* Parcoa.h in Headers */,
				E5A2DF5016966CD400EFC414 /* Parcoa+Combinators.h in Headers */,
				E5A2DF5116966CD400EFC414 /* Parcoa+NSDictionary.h in Headers */,
				E5A2DF5216966CD400EFC414 /* ParcoaParser+Combinators.h in Headers */,
				E5A2DF5316966CD400EFC414 /* ParcoaParser+NSDictionary.h in Headers */,
				E5A2DF5416966CD400EFC414 /* Parcoa+Predicates.h in Headers */,
				E5A2DF5516966CD400EFC414 /* Parcoa+Numbers.h in Headers */,
				E5A2DF5616966CD400EFC414 /* Parcoa+Primitives.h in Headers */,
				E5A2DF5716966CD400EFC414 /* Parcoa+Internal.h in Headers */,
				E5A2DF5816966CD400EFC414 /* ParcoaResult.h in Headers */,
				E5A2DF5916966CD400EFC414 /* ParcoaExpectation.h in Headers */,
				E5A2DF5A16966CD400EFC414 /* ParcoaParser.h in Headers */,
				E5A2DF5B16966CD400EFC414 /* ParcoaParserForward.h in Headers */,
				E5A2DF5C16966CD400EFC414 /* ParcoaPredicate.h in Headers */,
				E5A2DF5D16966CD400EFC414 /* NSString+Parcoa.h in Headers */,
			);
			runOnlyForDeploymentPostprocessing = 0;
		};
/* End PBXHeadersBuildPhase section */

/* Begin PBXNativeTarget section */
		E50C9B5D16903D1900851B04 /* Parcoa */ = {
			isa = PBXNativeTarget;
			buildConfigurationList = E50C9B8316903D1A00851B04 /* Build configuration list for PBXNativeTarget "Parcoa" */;
			buildPhases = (
				E50C9B5A16903D1900851B04 /* Sources */,
				E50C9B5B16903D1900851B04 /* Frameworks */,
				E50C9B5C16903D1900851B04 /* CopyFiles */,
				E55FD46D169054CB006E7263 /* Headers */,
			);
			buildRules = (
			);
			dependencies = (
			);
			name = Parcoa;
			productName = Parcoa;
			productReference = E50C9B5E16903D1A00851B04 /* libParcoa.a */;
			productType = "com.apple.product-type.library.static";
		};
		E50C9B6E16903D1A00851B04 /* ParcoaTests */ = {
			isa = PBXNativeTarget;
			buildConfigurationList = E50C9B8616903D1A00851B04 /* Build configuration list for PBXNativeTarget "ParcoaTests" */;
			buildPhases = (
				E50C9B6A16903D1A00851B04 /* Sources */,
				E50C9B6B16903D1A00851B04 /* Frameworks */,
				E50C9B6C16903D1A00851B04 /* Resources */,
				E50C9B6D16903D1A00851B04 /* ShellScript */,
			);
			buildRules = (
			);
			dependencies = (
				E50C9B7616903D1A00851B04 /* PBXTargetDependency */,
			);
			name = ParcoaTests;
			productName = ParcoaTests;
			productReference = E50C9B6F16903D1A00851B04 /* ParcoaTests.octest */;
			productType = "com.apple.product-type.bundle.unit-test";
		};
		E5A2DF2B16966C1000EFC414 /* Parcoa OS X */ = {
			isa = PBXNativeTarget;
			buildConfigurationList = E5A2DF3916966C1000EFC414 /* Build configuration list for PBXNativeTarget "Parcoa OS X" */;
			buildPhases = (
				E5A2DF2816966C1000EFC414 /* Sources */,
				E5A2DF2916966C1000EFC414 /* Frameworks */,
				E5A2DF2A16966C1000EFC414 /* Headers */,
			);
			buildRules = (
			);
			dependencies = (
			);
			name = "Parcoa OS X";
			productName = "Parcoa OSX";
			productReference = E5A2DF2C16966C1000EFC414 /* Parcoa OS X.dylib */;
			productType = "com.apple.product-type.library.dynamic";
		};
/* End PBXNativeTarget section */

/* Begin PBXProject section */
		E50C9B5516903D1900851B04 /* Project object */ = {
			isa = PBXProject;
			attributes = {
				LastTestingUpgradeCheck = 0610;
				LastUpgradeCheck = 0610;
				ORGANIZATIONNAME = "Factorial Products Pty. Ltd.";
			};
			buildConfigurationList = E50C9B5816903D1900851B04 /* Build configuration list for PBXProject "Parcoa" */;
			compatibilityVersion = "Xcode 3.2";
			developmentRegion = English;
			hasScannedForEncodings = 0;
			knownRegions = (
				en,
			);
			mainGroup = E50C9B5316903D1900851B04;
			productRefGroup = E50C9B5F16903D1A00851B04 /* Products */;
			projectDirPath = "";
			projectRoot = "";
			targets = (
				E50C9B5D16903D1900851B04 /* Parcoa */,
				E50C9B6E16903D1A00851B04 /* ParcoaTests */,
				E5A2DF2B16966C1000EFC414 /* Parcoa OS X */,
			);
		};
/* End PBXProject section */

/* Begin PBXResourcesBuildPhase section */
		E50C9B6C16903D1A00851B04 /* Resources */ = {
			isa = PBXResourcesBuildPhase;
			buildActionMask = 2147483647;
			files = (
				E50C9B7D16903D1A00851B04 /* InfoPlist.strings in Resources */,
			);
			runOnlyForDeploymentPostprocessing = 0;
		};
/* End PBXResourcesBuildPhase section */

/* Begin PBXShellScriptBuildPhase section */
		E50C9B6D16903D1A00851B04 /* ShellScript */ = {
			isa = PBXShellScriptBuildPhase;
			buildActionMask = 2147483647;
			files = (
			);
			inputPaths = (
			);
			outputPaths = (
			);
			runOnlyForDeploymentPostprocessing = 0;
			shellPath = /bin/sh;
			shellScript = "# Run the unit tests in this test bundle.\n\"${SYSTEM_DEVELOPER_DIR}/Tools/RunUnitTests\"\n";
		};
/* End PBXShellScriptBuildPhase section */

/* Begin PBXSourcesBuildPhase section */
		E50C9B5A16903D1900851B04 /* Sources */ = {
			isa = PBXSourcesBuildPhase;
			buildActionMask = 2147483647;
			files = (
				E50C9B8B16903FE000851B04 /* ParcoaResult.m in Sources */,
				E55CFCCD16905CB800CC08DA /* Parcoa+Combinators.m in Sources */,
				E55CFCD81694216800CC08DA /* NSString+Parcoa.m in Sources */,
				E51C2F3A169470F10013AD2D /* Parcoa+Numbers.m in Sources */,
				E51C2F3E1694750F0013AD2D /* Parcoa+NSDictionary.m in Sources */,
				E5F0A68916954DFE00A1C5E2 /* ParcoaExpectation.m in Sources */,
				E5F62B32169569A90052CF6D /* ParcoaParser.m in Sources */,
				E5F62B3716956C210052CF6D /* Parcoa+Primitives.m in Sources */,
				E5F62B3B16956D9A0052CF6D /* ParcoaPredicate.m in Sources */,
				E5F62B3F169573F50052CF6D /* Parcoa+Predicates.m in Sources */,
				E5F62B43169586760052CF6D /* ParcoaParser+Combinators.m in Sources */,
				E5836C7A16958C8300D9C21A /* ParcoaParserForward.m in Sources */,
				E5836C7E169592AC00D9C21A /* ParcoaParser+NSDictionary.m in Sources */,
				E5836C84169596A900D9C21A /* Parcoa+Internal.m in Sources */,
				E5BCC77F1696A3690017F99F /* ParcoaPredicate+Combinators.m in Sources */,
			);
			runOnlyForDeploymentPostprocessing = 0;
		};
		E50C9B6A16903D1A00851B04 /* Sources */ = {
			isa = PBXSourcesBuildPhase;
			buildActionMask = 2147483647;
			files = (
				E50C9B8016903D1A00851B04 /* ParcoaTests.m in Sources */,
				E55CFCCF169061EC00CC08DA /* Parcoa+Combinators.m in Sources */,
				E5836C6A169589E000D9C21A /* Parcoa+Predicates.m in Sources */,
				E5836C6B169589E000D9C21A /* Parcoa+Numbers.m in Sources */,
				E5836C6C169589E000D9C21A /* Parcoa+NSDictionary.m in Sources */,
				E5836C6D169589E000D9C21A /* ParcoaResult.m in Sources */,
				E5836C6E169589E000D9C21A /* NSString+Parcoa.m in Sources */,
				E5836C6F169589E000D9C21A /* ParcoaExpectation.m in Sources */,
				E5836C70169589E000D9C21A /* ParcoaParser.m in Sources */,
				E5836C71169589E000D9C21A /* Parcoa+Primitives.m in Sources */,
				E5836C72169589E000D9C21A /* ParcoaPredicate.m in Sources */,
				E5836C73169589E000D9C21A /* ParcoaParser+Combinators.m in Sources */,
				E5836C7516958A4D00D9C21A /* ParcoaTests+Combinators.m in Sources */,
				E5836C85169596A900D9C21A /* Parcoa+Internal.m in Sources */,
				E5BCC7821696A58B0017F99F /* ParcoaPredicate+Combinators.m in Sources */,
			);
			runOnlyForDeploymentPostprocessing = 0;
		};
		E5A2DF2816966C1000EFC414 /* Sources */ = {
			isa = PBXSourcesBuildPhase;
			buildActionMask = 2147483647;
			files = (
				E5A2DF4116966CBF00EFC414 /* Parcoa+Combinators.m in Sources */,
				E5A2DF4216966CBF00EFC414 /* Parcoa+NSDictionary.m in Sources */,
				E5A2DF4316966CBF00EFC414 /* ParcoaParser+Combinators.m in Sources */,
				E5A2DF4416966CBF00EFC414 /* ParcoaParser+NSDictionary.m in Sources */,
				E5A2DF4516966CBF00EFC414 /* Parcoa+Predicates.m in Sources */,
				E5A2DF4616966CBF00EFC414 /* Parcoa+Numbers.m in Sources */,
				E5A2DF4716966CBF00EFC414 /* Parcoa+Primitives.m in Sources */,
				E5A2DF4816966CBF00EFC414 /* Parcoa+Internal.m in Sources */,
				E5A2DF4916966CBF00EFC414 /* ParcoaResult.m in Sources */,
				E5A2DF4A16966CBF00EFC414 /* ParcoaExpectation.m in Sources */,
				E5A2DF4B16966CBF00EFC414 /* ParcoaParser.m in Sources */,
				E5A2DF4C16966CBF00EFC414 /* ParcoaParserForward.m in Sources */,
				E5A2DF4D16966CBF00EFC414 /* ParcoaPredicate.m in Sources */,
				E5A2DF4E16966CBF00EFC414 /* NSString+Parcoa.m in Sources */,
				E5A2DF3816966C1000EFC414 /* Parcoa_OSX.m in Sources */,
				E5BCC7811696A36D0017F99F /* ParcoaPredicate+Combinators.m in Sources */,
			);
			runOnlyForDeploymentPostprocessing = 0;
		};
/* End PBXSourcesBuildPhase section */

/* Begin PBXTargetDependency section */
		E50C9B7616903D1A00851B04 /* PBXTargetDependency */ = {
			isa = PBXTargetDependency;
			target = E50C9B5D16903D1900851B04 /* Parcoa */;
			targetProxy = E50C9B7516903D1A00851B04 /* PBXContainerItemProxy */;
		};
/* End PBXTargetDependency section */

/* Begin PBXVariantGroup section */
		E50C9B7B16903D1A00851B04 /* InfoPlist.strings */ = {
			isa = PBXVariantGroup;
			children = (
				E50C9B7C16903D1A00851B04 /* en */,
			);
			name = InfoPlist.strings;
			sourceTree = "<group>";
		};
/* End PBXVariantGroup section */

/* Begin XCBuildConfiguration section */
		E50C9B8116903D1A00851B04 /* Debug */ = {
			isa = XCBuildConfiguration;
			buildSettings = {
				ALWAYS_SEARCH_USER_PATHS = NO;
				CLANG_CXX_LANGUAGE_STANDARD = "gnu++0x";
				CLANG_CXX_LIBRARY = "libc++";
				CLANG_ENABLE_OBJC_ARC = YES;
				CLANG_WARN_EMPTY_BODY = YES;
				CLANG_WARN__DUPLICATE_METHOD_MATCH = YES;
				COPY_PHASE_STRIP = NO;
				GCC_C_LANGUAGE_STANDARD = gnu99;
				GCC_DYNAMIC_NO_PIC = NO;
				GCC_OPTIMIZATION_LEVEL = 0;
				GCC_PREPROCESSOR_DEFINITIONS = (
					"DEBUG=1",
					"$(inherited)",
				);
				GCC_SYMBOLS_PRIVATE_EXTERN = NO;
				GCC_WARN_ABOUT_RETURN_TYPE = YES;
				GCC_WARN_UNINITIALIZED_AUTOS = YES;
				GCC_WARN_UNUSED_VARIABLE = YES;
				IPHONEOS_DEPLOYMENT_TARGET = 6.0;
				ONLY_ACTIVE_ARCH = YES;
				SDKROOT = iphoneos;
			};
			name = Debug;
		};
		E50C9B8216903D1A00851B04 /* Release */ = {
			isa = XCBuildConfiguration;
			buildSettings = {
				ALWAYS_SEARCH_USER_PATHS = NO;
				CLANG_CXX_LANGUAGE_STANDARD = "gnu++0x";
				CLANG_CXX_LIBRARY = "libc++";
				CLANG_ENABLE_OBJC_ARC = YES;
				CLANG_WARN_EMPTY_BODY = YES;
				CLANG_WARN__DUPLICATE_METHOD_MATCH = YES;
				COPY_PHASE_STRIP = YES;
				GCC_C_LANGUAGE_STANDARD = gnu99;
				GCC_WARN_ABOUT_RETURN_TYPE = YES;
				GCC_WARN_UNINITIALIZED_AUTOS = YES;
				GCC_WARN_UNUSED_VARIABLE = YES;
				IPHONEOS_DEPLOYMENT_TARGET = 6.0;
				SDKROOT = iphoneos;
				VALIDATE_PRODUCT = YES;
			};
			name = Release;
		};
		E50C9B8416903D1A00851B04 /* Debug */ = {
			isa = XCBuildConfiguration;
			buildSettings = {
				DSTROOT = /tmp/Parcoa.dst;
				GCC_PRECOMPILE_PREFIX_HEADER = YES;
				GCC_PREFIX_HEADER = "Parcoa/Parcoa-Prefix.pch";
				OTHER_LDFLAGS = "-ObjC";
				PRODUCT_NAME = "$(TARGET_NAME)";
				SDKROOT = iphoneos;
				SKIP_INSTALL = YES;
			};
			name = Debug;
		};
		E50C9B8516903D1A00851B04 /* Release */ = {
			isa = XCBuildConfiguration;
			buildSettings = {
				DSTROOT = /tmp/Parcoa.dst;
				GCC_PRECOMPILE_PREFIX_HEADER = YES;
				GCC_PREFIX_HEADER = "Parcoa/Parcoa-Prefix.pch";
				OTHER_LDFLAGS = "-ObjC";
				PRODUCT_NAME = "$(TARGET_NAME)";
				SDKROOT = iphoneos;
				SKIP_INSTALL = YES;
			};
			name = Release;
		};
		E50C9B8716903D1A00851B04 /* Debug */ = {
			isa = XCBuildConfiguration;
			buildSettings = {
				FRAMEWORK_SEARCH_PATHS = (
					"\"$(SDKROOT)/Developer/Library/Frameworks\"",
					"\"$(DEVELOPER_LIBRARY_DIR)/Frameworks\"",
					"$(inherited)",
				);
				GCC_PRECOMPILE_PREFIX_HEADER = YES;
				GCC_PREFIX_HEADER = "Parcoa/Parcoa-Prefix.pch";
				INFOPLIST_FILE = "ParcoaTests/ParcoaTests-Info.plist";
				PRODUCT_NAME = "$(TARGET_NAME)";
			};
			name = Debug;
		};
		E50C9B8816903D1A00851B04 /* Release */ = {
			isa = XCBuildConfiguration;
			buildSettings = {
				FRAMEWORK_SEARCH_PATHS = (
					"\"$(SDKROOT)/Developer/Library/Frameworks\"",
					"\"$(DEVELOPER_LIBRARY_DIR)/Frameworks\"",
					"$(inherited)",
				);
				GCC_PRECOMPILE_PREFIX_HEADER = YES;
				GCC_PREFIX_HEADER = "Parcoa/Parcoa-Prefix.pch";
				INFOPLIST_FILE = "ParcoaTests/ParcoaTests-Info.plist";
				PRODUCT_NAME = "$(TARGET_NAME)";
			};
			name = Release;
		};
		E5A2DF3A16966C1000EFC414 /* Debug */ = {
			isa = XCBuildConfiguration;
			buildSettings = {
				COMBINE_HIDPI_IMAGES = YES;
				DYLIB_COMPATIBILITY_VERSION = 1;
				DYLIB_CURRENT_VERSION = 1;
				FRAMEWORK_SEARCH_PATHS = (
					"$(inherited)",
					"\"$(SYSTEM_APPS_DIR)/Xcode.app/Contents/Developer/Library/Frameworks\"",
				);
				GCC_ENABLE_OBJC_EXCEPTIONS = YES;
				GCC_PRECOMPILE_PREFIX_HEADER = YES;
				GCC_PREFIX_HEADER = "Parcoa OSX/Parcoa OSX-Prefix.pch";
				GCC_WARN_64_TO_32_BIT_CONVERSION = YES;
				MACOSX_DEPLOYMENT_TARGET = 10.8;
				PRODUCT_NAME = "$(TARGET_NAME)";
				SDKROOT = macosx;
			};
			name = Debug;
		};
		E5A2DF3B16966C1000EFC414 /* Release */ = {
			isa = XCBuildConfiguration;
			buildSettings = {
				COMBINE_HIDPI_IMAGES = YES;
				DEBUG_INFORMATION_FORMAT = "dwarf-with-dsym";
				DYLIB_COMPATIBILITY_VERSION = 1;
				DYLIB_CURRENT_VERSION = 1;
				FRAMEWORK_SEARCH_PATHS = (
					"$(inherited)",
					"\"$(SYSTEM_APPS_DIR)/Xcode.app/Contents/Developer/Library/Frameworks\"",
				);
				GCC_ENABLE_OBJC_EXCEPTIONS = YES;
				GCC_PRECOMPILE_PREFIX_HEADER = YES;
				GCC_PREFIX_HEADER = "Parcoa OSX/Parcoa OSX-Prefix.pch";
				GCC_WARN_64_TO_32_BIT_CONVERSION = YES;
				MACOSX_DEPLOYMENT_TARGET = 10.8;
				PRODUCT_NAME = "$(TARGET_NAME)";
				SDKROOT = macosx;
			};
			name = Release;
		};
/* End XCBuildConfiguration section */

/* Begin XCConfigurationList section */
		E50C9B5816903D1900851B04 /* Build configuration list for PBXProject "Parcoa" */ = {
			isa = XCConfigurationList;
			buildConfigurations = (
				E50C9B8116903D1A00851B04 /* Debug */,
				E50C9B8216903D1A00851B04 /* Release */,
			);
			defaultConfigurationIsVisible = 0;
			defaultConfigurationName = Release;
		};
		E50C9B8316903D1A00851B04 /* Build configuration list for PBXNativeTarget "Parcoa" */ = {
			isa = XCConfigurationList;
			buildConfigurations = (
				E50C9B8416903D1A00851B04 /* Debug */,
				E50C9B8516903D1A00851B04 /* Release */,
			);
			defaultConfigurationIsVisible = 0;
			defaultConfigurationName = Release;
		};
		E50C9B8616903D1A00851B04 /* Build configuration list for PBXNativeTarget "ParcoaTests" */ = {
			isa = XCConfigurationList;
			buildConfigurations = (
				E50C9B8716903D1A00851B04 /* Debug */,
				E50C9B8816903D1A00851B04 /* Release */,
			);
			defaultConfigurationIsVisible = 0;
			defaultConfigurationName = Release;
		};
		E5A2DF3916966C1000EFC414 /* Build configuration list for PBXNativeTarget "Parcoa OS X" */ = {
			isa = XCConfigurationList;
			buildConfigurations = (
				E5A2DF3A16966C1000EFC414 /* Debug */,
				E5A2DF3B16966C1000EFC414 /* Release */,
			);
			defaultConfigurationIsVisible = 0;
			defaultConfigurationName = Release;
		};
/* End XCConfigurationList section */
	};
	rootObject = E50C9B5516903D1900851B04 /* Project object */;
}
